
Microsoft Visual Studio Solution File, Format Version 11.00
# Visual Basic Express 2010
Project("{F184B08F-C81C-45F6-A57F-5ABD9991F28F}") = "SIM_Gaji_Karyawan", "SIM_Gaji_Karyawan\SIM_Gaji_Karyawan.vbproj", "{44DB4370-B7B9-4741-8181-1A1F5DF429CF}"
EndProject
Global
	GlobalSection(SolutionConfigurationPlatforms) = preSolution
		Debug|x86 = Debug|x86
		Release|x86 = Release|x86
	EndGlobalSection
	GlobalSection(ProjectConfigurationPlatforms) = postSolution
		{44DB4370-B7B9-4741-8181-1A1F5DF429CF}.Debug|x86.ActiveCfg = Debug|x86
		{44DB4370-B7B9-4741-8181-1A1F5DF429CF}.Debug|x86.Build.0 = Debug|x86
		{44DB4370-B7B9-4741-8181-1A1F5DF429CF}.Release|x86.ActiveCfg = Release|x86
		{44DB4370-B7B9-4741-8181-1A1F5DF429CF}.Release|x86.Build.0 = Release|x86
	EndGlobalSection
	GlobalSection(SolutionProperties) = preSolution
		HideSolutionNode = FALSE
	EndGlobalSection
EndGlobal
